// !$*UTF8*$!
{
	archiveVersion = 1;
	classes = {
	};
	objectVersion = 46;
	objects = {

/* Begin PBXBuildFile section */
		416775781A4F569D00D244BD /* main.cpp in Sources */ = {isa = PBXBuildFile; fileRef = 416775771A4F569D00D244BD /* main.cpp */; };
/* End PBXBuildFile section */

/* Begin PBXCopyFilesBuildPhase section */
		416775721A4F569D00D244BD /* CopyFiles */ = {
			isa = PBXCopyFilesBuildPhase;
			buildActionMask = 2147483647;
			dstPath = /usr/share/man/man1/;
			dstSubfolderSpec = 0;
			files = (
			);
			runOnlyForDeploymentPostprocessing = 1;
		};
/* End PBXCopyFilesBuildPhase section */

/* Begin PBXFileReference section */
		416775741A4F569D00D244BD /* Create Binary Tree from Inorder and Preorder */ = {isa = PBXFileReference; explicitFileType = "compiled.mach-o.executable"; includeInIndex = 0; path = "Create Binary Tree from Inorder and Preorder"; sourceTree = BUILT_PRODUCTS_DIR; };
		416775771A4F569D00D244BD /* main.cpp */ = {isa = PBXFileReference; lastKnownFileType = sourcecode.cpp.cpp; path = main.cpp; sourceTree = "<group>"; };
/* End PBXFileReference section */

/* Begin PBXFrameworksBuildPhase section */
		416775711A4F569D00D244BD /* Frameworks */ = {
			isa = PBXFrameworksBuildPhase;
			buildActionMask = 2147483647;
			files = (
			);
			runOnlyForDeploymentPostprocessing = 0;
		};
/* End PBXFrameworksBuildPhase section */

/* Begin PBXGroup section */
		4167756B1A4F569D00D244BD = {
			isa = PBXGroup;
			children = (
				416775761A4F569D00D244BD /* Create Binary Tree from Inorder and Preorder */,
				416775751A4F569D00D244BD /* Products */,
			);
			sourceTree = "<group>";
		};
		416775751A4F569D00D244BD /* Products */ = {
			isa = PBXGroup;
			children = (
				416775741A4F569D00D244BD /* Create Binary Tree from Inorder and Preorder */,
			);
			name = Products;
			sourceTree = "<group>";
		};
		416775761A4F569D00D244BD /* Create Binary Tree from Inorder and Preorder */ = {
			isa = PBXGroup;
			children = (
				416775771A4F569D00D244BD /* main.cpp */,
			);
			path = "Create Binary Tree from Inorder and Preorder";
			sourceTree = "<group>";
		};
/* End PBXGroup section */

/* Begin PBXNativeTarget section */
		416775731A4F569D00D244BD /* Create Binary Tree from Inorder and Preorder */ = {
			isa = PBXNativeTarget;
			buildConfigurationList = 4167757B1A4F569D00D244BD /* Build configuration list for PBXNativeTarget "Create Binary Tree from Inorder and Preorder" */;
			buildPhases = (
				416775701A4F569D00D244BD /* Sources */,
				416775711A4F569D00D244BD /* Frameworks */,
				416775721A4F569D00D244BD /* CopyFiles */,
			);
			buildRules = (
			);
			dependencies = (
			);
			name = "Create Binary Tree from Inorder and Preorder";
			productName = "Create Binary Tree from Inorder and Preorder";
			productReference = 416775741A4F569D00D244BD /* Create Binary Tree from Inorder and Preorder */;
			productType = "com.apple.product-type.tool";
		};
/* End PBXNativeTarget section */

/* Begin PBXProject section */
		4167756C1A4F569D00D244BD /* Project object */ = {
			isa = PBXProject;
			attributes = {
				LastUpgradeCheck = 0610;
				ORGANIZATIONNAME = "Daman Saroa";
				TargetAttributes = {
					416775731A4F569D00D244BD = {
						CreatedOnToolsVersion = 6.1.1;
					};
				};
			};
			buildConfigurationList = 4167756F1A4F569D00D244BD /* Build configuration list for PBXProject "Create Binary Tree from Inorder and Preorder" */;
			compatibilityVersion = "Xcode 3.2";
			developmentRegion = English;
			hasScannedForEncodings = 0;
			knownRegions = (
				en,
			);
			mainGroup = 4167756B1A4F569D00D244BD;
			productRefGroup = 416775751A4F569D00D244BD /* Products */;
			projectDirPath = "";
			projectRoot = "";
			targets = (
				416775731A4F569D00D244BD /* Create Binary Tree from Inorder and Preorder */,
			);
		};
/* End PBXProject section */

/* Begin PBXSourcesBuildPhase section */
		416775701A4F569D00D244BD /* Sources */ = {
			isa = PBXSourcesBuildPhase;
			buildActionMask = 2147483647;
			files = (
				416775781A4F569D00D244BD /* main.cpp in Sources */,
			);
			runOnlyForDeploymentPostprocessing = 0;
		};
/* End PBXSourcesBuildPhase section */

/* Begin XCBuildConfiguration section */
		416775791A4F569D00D244BD /* Debug */ = {
			isa = XCBuildConfiguration;
			buildSettings = {
				ALWAYS_SEARCH_USER_PATHS = NO;
				CLANG_CXX_LANGUAGE_STANDARD = "gnu++0x";
				CLANG_CXX_LIBRARY = "libc++";
				CLANG_ENABLE_MODULES = YES;
				CLANG_ENABLE_OBJC_ARC = YES;
				CLANG_WARN_BOOL_CONVERSION = YES;
				CLANG_WARN_CONSTANT_CONVERSION = YES;
				CLANG_WARN_DIRECT_OBJC_ISA_USAGE = YES_ERROR;
				CLANG_WARN_EMPTY_BODY = YES;
				CLANG_WARN_ENUM_CONVERSION = YES;
				CLANG_WARN_INT_CONVERSION = YES;
				CLANG_WARN_OBJC_ROOT_CLASS = YES_ERROR;
				CLANG_WARN_UNREACHABLE_CODE = YES;
				CLANG_WARN__DUPLICATE_METHOD_MATCH = YES;
				COPY_PHASE_STRIP = NO;
				ENABLE_STRICT_OBJC_MSGSEND = YES;
				GCC_C_LANGUAGE_STANDARD = gnu99;
				GCC_DYNAMIC_NO_PIC = NO;
				GCC_OPTIMIZATION_LEVEL = 0;
				GCC_PREPROCESSOR_DEFINITIONS = (
					"DEBUG=1",
					"$(inherited)",
				);
				GCC_SYMBOLS_PRIVATE_EXTERN = NO;
				GCC_WARN_64_TO_32_BIT_CONVERSION = YES;
				GCC_WARN_ABOUT_RETURN_TYPE = YES_ERROR;
				GCC_WARN_UNDECLARED_SELECTOR = YES;
				GCC_WARN_UNINITIALIZED_AUTOS = YES_AGGRESSIVE;
				GCC_WARN_UNUSED_FUNCTION = YES;
				GCC_WARN_UNUSED_VARIABLE = YES;
				MACOSX_DEPLOYMENT_TARGET = 10.10;
				MTL_ENABLE_DEBUG_INFO = YES;
				ONLY_ACTIVE_ARCH = YES;
				SDKROOT = macosx;
			};
			name = Debug;
		};
		4167757A1A4F569D00D244BD /* Release */ = {
			isa = XCBuildConfiguration;
			buildSettings = {
				ALWAYS_SEARCH_USER_PATHS = NO;
				CLANG_CXX_LANGUAGE_STANDARD = "gnu++0x";
				CLANG_CXX_LIBRARY = "libc++";
				CLANG_ENABLE_MODULES = YES;
				CLANG_ENABLE_OBJC_ARC = YES;
				CLANG_WARN_BOOL_CONVERSION = YES;
				CLANG_WARN_CONSTANT_CONVERSION = YES;
				CLANG_WARN_DIRECT_OBJC_ISA_USAGE = YES_ERROR;
				CLANG_WARN_EMPTY_BODY = YES;
				CLANG_WARN_ENUM_CONVERSION = YES;
				CLANG_WARN_INT_CONVERSION = YES;
				CLANG_WARN_OBJC_ROOT_CLASS = YES_ERROR;
				CLANG_WARN_UNREACHABLE_CODE = YES;
				CLANG_WARN__DUPLICATE_METHOD_MATCH = YES;
				COPY_PHASE_STRIP = YES;
				DEBUG_INFORMATION_FORMAT = "dwarf-with-dsym";
				ENABLE_NS_ASSERTIONS = NO;
				ENABLE_STRICT_OBJC_MSGSEND = YES;
				GCC_C_LANGUAGE_STANDARD = gnu99;
				GCC_WARN_64_TO_32_BIT_CONVERSION = YES;
				GCC_WARN_ABOUT_RETURN_TYPE = YES_ERROR;
				GCC_WARN_UNDECLARED_SELECTOR = YES;
				GCC_WARN_UNINITIALIZED_AUTOS = YES_AGGRESSIVE;
				GCC_WARN_UNUSED_FUNCTION = YES;
				GCC_WARN_UNUSED_VARIABLE = YES;
				MACOSX_DEPLOYMENT_TARGET = 10.10;
				MTL_ENABLE_DEBUG_INFO = NO;
				SDKROOT = macosx;
			};
			name = Release;
		};
		4167757C1A4F569D00D244BD /* Debug */ = {
			isa = XCBuildConfiguration;
			buildSettings = {
				PRODUCT_NAME = "$(TARGET_NAME)";
			};
			name = Debug;
		};
		4167757D1A4F569D00D244BD /* Release */ = {
			isa = XCBuildConfiguration;
			buildSettings = {
				PRODUCT_NAME = "$(TARGET_NAME)";
			};
			name = Release;
		};
/* End XCBuildConfiguration section */

/* Begin XCConfigurationList section */
		4167756F1A4F569D00D244BD /* Build configuration list for PBXProject "Create Binary Tree from Inorder and Preorder" */ = {
			isa = XCConfigurationList;
			buildConfigurations = (
				416775791A4F569D00D244BD /* Debug */,
				4167757A1A4F569D00D244BD /* Release */,
			);
			defaultConfigurationIsVisible = 0;
			defaultConfigurationName = Release;
		};
		4167757B1A4F569D00D244BD /* Build configuration list for PBXNativeTarget "Create Binary Tree from Inorder and Preorder" */ = {
			isa = XCConfigurationList;
			buildConfigurations = (
				4167757C1A4F569D00D244BD /* Debug */,
				4167757D1A4F569D00D244BD /* Release */,
			);
			defaultConfigurationIsVisible = 0;
		};
/* End XCConfigurationList section */
	};
	rootObject = 4167756C1A4F569D00D244BD /* Project object */;
}
